
Microsoft Visual Studio Solution File, Format Version 12.00
# Visual Studio Version 17
VisualStudioVersion = 17.7.34009.444
MinimumVisualStudioVersion = 10.0.40219.1
Project("{FAE04EC0-301F-11D3-BF4B-00C04F79EFBC}") = "LightShow", "LightShow\LightShow.csproj", "{8432C586-1122-4A6F-9217-92C40C6290F1}"
EndProject
Global
	GlobalSection(SolutionConfigurationPlatforms) = preSolution
		Debug|Any CPU = Debug|Any CPU
		Release|Any CPU = Release|Any CPU
	EndGlobalSection
	GlobalSection(ProjectConfigurationPlatforms) = postSolution
		{8432C586-1122-4A6F-9217-92C40C6290F1}.Debug|Any CPU.ActiveCfg = Debug|Any CPU
		{8432C586-1122-4A6F-9217-92C40C6290F1}.Debug|Any CPU.Build.0 = Debug|Any CPU
		{8432C586-1122-4A6F-9217-92C40C6290F1}.Release|Any CPU.ActiveCfg = Release|Any CPU
		{8432C586-1122-4A6F-9217-92C40C6290F1}.Release|Any CPU.Build.0 = Release|Any CPU
	EndGlobalSection
	GlobalSection(SolutionProperties) = preSolution
		HideSolutionNode = FALSE
	EndGlobalSection
	GlobalSection(ExtensibilityGlobals) = postSolution
		SolutionGuid = {DE628F5A-ADE3-4007-B72E-384D3394E5D0}
	EndGlobalSection
EndGlobal
